// !$*UTF8*$!
{
	archiveVersion = 1;
	classes = {
	};
	objectVersion = 56;
	objects = {

/* Begin PBXBuildFile section */
		89A7716F2C3B702400C7068F /* T82App.swift in Sources */ = {isa = PBXBuildFile; fileRef = 89A7716E2C3B702400C7068F /* T82App.swift */; };
		89A771732C3B702500C7068F /* Assets.xcassets in Resources */ = {isa = PBXBuildFile; fileRef = 89A771722C3B702500C7068F /* Assets.xcassets */; };
		89A771762C3B702500C7068F /* Preview Assets.xcassets in Resources */ = {isa = PBXBuildFile; fileRef = 89A771752C3B702500C7068F /* Preview Assets.xcassets */; };
		89A771842C3BC16F00C7068F /* AppDelegate.swift in Sources */ = {isa = PBXBuildFile; fileRef = 89A771832C3BC16F00C7068F /* AppDelegate.swift */; };
		89A771862C3BC19D00C7068F /* LaunchScreen.storyboard in Resources */ = {isa = PBXBuildFile; fileRef = 89A771852C3BC19D00C7068F /* LaunchScreen.storyboard */; };
		89A7718A2C3BDEA400C7068F /* LoginView.swift in Sources */ = {isa = PBXBuildFile; fileRef = 89A771892C3BDEA400C7068F /* LoginView.swift */; };
		89A7718C2C3BE5AF00C7068F /* SignUpView.swift in Sources */ = {isa = PBXBuildFile; fileRef = 89A7718B2C3BE5AF00C7068F /* SignUpView.swift */; };
		89EAB4D82C3D9BD0002B8515 /* NavigationBtnType.swift in Sources */ = {isa = PBXBuildFile; fileRef = 89EAB4D72C3D9BD0002B8515 /* NavigationBtnType.swift */; };
		89EAB4DA2C3D9BE3002B8515 /* CustomNavigationBar.swift in Sources */ = {isa = PBXBuildFile; fileRef = 89EAB4D92C3D9BE3002B8515 /* CustomNavigationBar.swift */; };
		89EAB4DD2C3D9D76002B8515 /* User.swift in Sources */ = {isa = PBXBuildFile; fileRef = 89EAB4DC2C3D9D76002B8515 /* User.swift */; };
		89EAB4E02C3E6488002B8515 /* Color+extensions.swift in Sources */ = {isa = PBXBuildFile; fileRef = 89EAB4DF2C3E6488002B8515 /* Color+extensions.swift */; };
/* End PBXBuildFile section */

/* Begin PBXFileReference section */
		89A7716B2C3B702400C7068F /* T82.app */ = {isa = PBXFileReference; explicitFileType = wrapper.application; includeInIndex = 0; path = T82.app; sourceTree = BUILT_PRODUCTS_DIR; };
		89A7716E2C3B702400C7068F /* T82App.swift */ = {isa = PBXFileReference; lastKnownFileType = sourcecode.swift; path = T82App.swift; sourceTree = "<group>"; };
		89A771722C3B702500C7068F /* Assets.xcassets */ = {isa = PBXFileReference; lastKnownFileType = folder.assetcatalog; path = Assets.xcassets; sourceTree = "<group>"; };
		89A771752C3B702500C7068F /* Preview Assets.xcassets */ = {isa = PBXFileReference; lastKnownFileType = folder.assetcatalog; path = "Preview Assets.xcassets"; sourceTree = "<group>"; };
		89A771832C3BC16F00C7068F /* AppDelegate.swift */ = {isa = PBXFileReference; lastKnownFileType = sourcecode.swift; path = AppDelegate.swift; sourceTree = "<group>"; };
		89A771852C3BC19D00C7068F /* LaunchScreen.storyboard */ = {isa = PBXFileReference; lastKnownFileType = file.storyboard; path = LaunchScreen.storyboard; sourceTree = "<group>"; };
		89A771892C3BDEA400C7068F /* LoginView.swift */ = {isa = PBXFileReference; lastKnownFileType = sourcecode.swift; path = LoginView.swift; sourceTree = "<group>"; };
		89A7718B2C3BE5AF00C7068F /* SignUpView.swift */ = {isa = PBXFileReference; lastKnownFileType = sourcecode.swift; path = SignUpView.swift; sourceTree = "<group>"; };
		89EAB4D72C3D9BD0002B8515 /* NavigationBtnType.swift */ = {isa = PBXFileReference; lastKnownFileType = sourcecode.swift; path = NavigationBtnType.swift; sourceTree = "<group>"; };
		89EAB4D92C3D9BE3002B8515 /* CustomNavigationBar.swift */ = {isa = PBXFileReference; lastKnownFileType = sourcecode.swift; path = CustomNavigationBar.swift; sourceTree = "<group>"; };
		89EAB4DC2C3D9D76002B8515 /* User.swift */ = {isa = PBXFileReference; lastKnownFileType = sourcecode.swift; path = User.swift; sourceTree = "<group>"; };
		89EAB4DF2C3E6488002B8515 /* Color+extensions.swift */ = {isa = PBXFileReference; lastKnownFileType = sourcecode.swift; path = "Color+extensions.swift"; sourceTree = "<group>"; };
/* End PBXFileReference section */

/* Begin PBXFrameworksBuildPhase section */
		89A771682C3B702400C7068F /* Frameworks */ = {
			isa = PBXFrameworksBuildPhase;
			buildActionMask = 2147483647;
			files = (
			);
			runOnlyForDeploymentPostprocessing = 0;
		};
/* End PBXFrameworksBuildPhase section */

/* Begin PBXGroup section */
		89A771622C3B702400C7068F = {
			isa = PBXGroup;
			children = (
				89A7716D2C3B702400C7068F /* T82 */,
				89A7716C2C3B702400C7068F /* Products */,
			);
			sourceTree = "<group>";
		};
		89A7716C2C3B702400C7068F /* Products */ = {
			isa = PBXGroup;
			children = (
				89A7716B2C3B702400C7068F /* T82.app */,
			);
			name = Products;
			sourceTree = "<group>";
		};
		89A7716D2C3B702400C7068F /* T82 */ = {
			isa = PBXGroup;
			children = (
				89A7717C2C3BBF4700C7068F /* App */,
				89A7717D2C3BBF4E00C7068F /* Core */,
				89A7717E2C3BBF5900C7068F /* Component */,
				89A7717F2C3BBF5E00C7068F /* Feature */,
				89A771802C3BBF6400C7068F /* Model */,
				89A771722C3B702500C7068F /* Assets.xcassets */,
				89A771742C3B702500C7068F /* Preview Content */,
			);
			path = T82;
			sourceTree = "<group>";
		};
		89A771742C3B702500C7068F /* Preview Content */ = {
			isa = PBXGroup;
			children = (
				89A771752C3B702500C7068F /* Preview Assets.xcassets */,
			);
			path = "Preview Content";
			sourceTree = "<group>";
		};
		89A7717C2C3BBF4700C7068F /* App */ = {
			isa = PBXGroup;
			children = (
				89A7716E2C3B702400C7068F /* T82App.swift */,
				89A771832C3BC16F00C7068F /* AppDelegate.swift */,
				89A771852C3BC19D00C7068F /* LaunchScreen.storyboard */,
			);
			path = App;
			sourceTree = "<group>";
		};
		89A7717D2C3BBF4E00C7068F /* Core */ = {
			isa = PBXGroup;
			children = (
				89A771812C3BBF7C00C7068F /* Service */,
				89A771822C3BBF8300C7068F /* Extension */,
			);
			path = Core;
			sourceTree = "<group>";
		};
		89A7717E2C3BBF5900C7068F /* Component */ = {
			isa = PBXGroup;
			children = (
				89EAB4DE2C3E60F1002B8515 /* TabView */,
				89EAB4D62C3D9BB2002B8515 /* NavigationBar */,
			);
			path = Component;
			sourceTree = "<group>";
		};
		89A7717F2C3BBF5E00C7068F /* Feature */ = {
			isa = PBXGroup;
			children = (
				89A771872C3BC8AD00C7068F /* Login */,
				89A771882C3BC8B400C7068F /* SignUp */,
			);
			path = Feature;
			sourceTree = "<group>";
		};
		89A771802C3BBF6400C7068F /* Model */ = {
			isa = PBXGroup;
			children = (
				89EAB4DC2C3D9D76002B8515 /* User.swift */,
			);
			path = Model;
			sourceTree = "<group>";
		};
		89A771812C3BBF7C00C7068F /* Service */ = {
			isa = PBXGroup;
			children = (
			);
			path = Service;
			sourceTree = "<group>";
		};
		89A771822C3BBF8300C7068F /* Extension */ = {
			isa = PBXGroup;
			children = (
				89EAB4DF2C3E6488002B8515 /* Color+extensions.swift */,
			);
			path = Extension;
			sourceTree = "<group>";
		};
		89A771872C3BC8AD00C7068F /* Login */ = {
			isa = PBXGroup;
			children = (
				89A771892C3BDEA400C7068F /* LoginView.swift */,
			);
			path = Login;
			sourceTree = "<group>";
		};
		89A771882C3BC8B400C7068F /* SignUp */ = {
			isa = PBXGroup;
			children = (
				89A7718B2C3BE5AF00C7068F /* SignUpView.swift */,
			);
			path = SignUp;
			sourceTree = "<group>";
		};
		89EAB4D62C3D9BB2002B8515 /* NavigationBar */ = {
			isa = PBXGroup;
			children = (
				89EAB4D92C3D9BE3002B8515 /* CustomNavigationBar.swift */,
				89EAB4D72C3D9BD0002B8515 /* NavigationBtnType.swift */,
			);
			path = NavigationBar;
			sourceTree = "<group>";
		};
		89EAB4DE2C3E60F1002B8515 /* TabView */ = {
			isa = PBXGroup;
			children = (
			);
			path = TabView;
			sourceTree = "<group>";
		};
/* End PBXGroup section */

/* Begin PBXNativeTarget section */
		89A7716A2C3B702400C7068F /* T82 */ = {
			isa = PBXNativeTarget;
			buildConfigurationList = 89A771792C3B702500C7068F /* Build configuration list for PBXNativeTarget "T82" */;
			buildPhases = (
				89A771672C3B702400C7068F /* Sources */,
				89A771682C3B702400C7068F /* Frameworks */,
				89A771692C3B702400C7068F /* Resources */,
			);
			buildRules = (
			);
			dependencies = (
			);
			name = T82;
			productName = T82;
			productReference = 89A7716B2C3B702400C7068F /* T82.app */;
			productType = "com.apple.product-type.application";
		};
/* End PBXNativeTarget section */

/* Begin PBXProject section */
		89A771632C3B702400C7068F /* Project object */ = {
			isa = PBXProject;
			attributes = {
				BuildIndependentTargetsInParallel = 1;
				LastSwiftUpdateCheck = 1540;
				LastUpgradeCheck = 1540;
				TargetAttributes = {
					89A7716A2C3B702400C7068F = {
						CreatedOnToolsVersion = 15.4;
					};
				};
			};
			buildConfigurationList = 89A771662C3B702400C7068F /* Build configuration list for PBXProject "T82" */;
			compatibilityVersion = "Xcode 14.0";
			developmentRegion = en;
			hasScannedForEncodings = 0;
			knownRegions = (
				en,
				Base,
			);
			mainGroup = 89A771622C3B702400C7068F;
			productRefGroup = 89A7716C2C3B702400C7068F /* Products */;
			projectDirPath = "";
			projectRoot = "";
			targets = (
				89A7716A2C3B702400C7068F /* T82 */,
			);
		};
/* End PBXProject section */

/* Begin PBXResourcesBuildPhase section */
		89A771692C3B702400C7068F /* Resources */ = {
			isa = PBXResourcesBuildPhase;
			buildActionMask = 2147483647;
			files = (
				89A771862C3BC19D00C7068F /* LaunchScreen.storyboard in Resources */,
				89A771762C3B702500C7068F /* Preview Assets.xcassets in Resources */,
				89A771732C3B702500C7068F /* Assets.xcassets in Resources */,
			);
			runOnlyForDeploymentPostprocessing = 0;
		};
/* End PBXResourcesBuildPhase section */

/* Begin PBXSourcesBuildPhase section */
		89A771672C3B702400C7068F /* Sources */ = {
			isa = PBXSourcesBuildPhase;
			buildActionMask = 2147483647;
			files = (
				89EAB4DA2C3D9BE3002B8515 /* CustomNavigationBar.swift in Sources */,
				89EAB4D82C3D9BD0002B8515 /* NavigationBtnType.swift in Sources */,
				89A7718C2C3BE5AF00C7068F /* SignUpView.swift in Sources */,
				89EAB4E02C3E6488002B8515 /* Color+extensions.swift in Sources */,
				89A7718A2C3BDEA400C7068F /* LoginView.swift in Sources */,
				89A771842C3BC16F00C7068F /* AppDelegate.swift in Sources */,
				89A7716F2C3B702400C7068F /* T82App.swift in Sources */,
				89EAB4DD2C3D9D76002B8515 /* User.swift in Sources */,
			);
			runOnlyForDeploymentPostprocessing = 0;
		};
/* End PBXSourcesBuildPhase section */

/* Begin XCBuildConfiguration section */
		89A771772C3B702500C7068F /* Debug */ = {
			isa = XCBuildConfiguration;
			buildSettings = {
				ALWAYS_SEARCH_USER_PATHS = NO;
				ASSETCATALOG_COMPILER_GENERATE_SWIFT_ASSET_SYMBOL_EXTENSIONS = YES;
				CLANG_ANALYZER_NONNULL = YES;
				CLANG_ANALYZER_NUMBER_OBJECT_CONVERSION = YES_AGGRESSIVE;
				CLANG_CXX_LANGUAGE_STANDARD = "gnu++20";
				CLANG_ENABLE_MODULES = YES;
				CLANG_ENABLE_OBJC_ARC = YES;
				CLANG_ENABLE_OBJC_WEAK = YES;
				CLANG_WARN_BLOCK_CAPTURE_AUTORELEASING = YES;
				CLANG_WARN_BOOL_CONVERSION = YES;
				CLANG_WARN_COMMA = YES;
				CLANG_WARN_CONSTANT_CONVERSION = YES;
				CLANG_WARN_DEPRECATED_OBJC_IMPLEMENTATIONS = YES;
				CLANG_WARN_DIRECT_OBJC_ISA_USAGE = YES_ERROR;
				CLANG_WARN_DOCUMENTATION_COMMENTS = YES;
				CLANG_WARN_EMPTY_BODY = YES;
				CLANG_WARN_ENUM_CONVERSION = YES;
				CLANG_WARN_INFINITE_RECURSION = YES;
				CLANG_WARN_INT_CONVERSION = YES;
				CLANG_WARN_NON_LITERAL_NULL_CONVERSION = YES;
				CLANG_WARN_OBJC_IMPLICIT_RETAIN_SELF = YES;
				CLANG_WARN_OBJC_LITERAL_CONVERSION = YES;
				CLANG_WARN_OBJC_ROOT_CLASS = YES_ERROR;
				CLANG_WARN_QUOTED_INCLUDE_IN_FRAMEWORK_HEADER = YES;
				CLANG_WARN_RANGE_LOOP_ANALYSIS = YES;
				CLANG_WARN_STRICT_PROTOTYPES = YES;
				CLANG_WARN_SUSPICIOUS_MOVE = YES;
				CLANG_WARN_UNGUARDED_AVAILABILITY = YES_AGGRESSIVE;
				CLANG_WARN_UNREACHABLE_CODE = YES;
				CLANG_WARN__DUPLICATE_METHOD_MATCH = YES;
				COPY_PHASE_STRIP = NO;
				DEBUG_INFORMATION_FORMAT = dwarf;
				ENABLE_STRICT_OBJC_MSGSEND = YES;
				ENABLE_TESTABILITY = YES;
				ENABLE_USER_SCRIPT_SANDBOXING = YES;
				GCC_C_LANGUAGE_STANDARD = gnu17;
				GCC_DYNAMIC_NO_PIC = NO;
				GCC_NO_COMMON_BLOCKS = YES;
				GCC_OPTIMIZATION_LEVEL = 0;
				GCC_PREPROCESSOR_DEFINITIONS = (
					"DEBUG=1",
					"$(inherited)",
				);
				GCC_WARN_64_TO_32_BIT_CONVERSION = YES;
				GCC_WARN_ABOUT_RETURN_TYPE = YES_ERROR;
				GCC_WARN_UNDECLARED_SELECTOR = YES;
				GCC_WARN_UNINITIALIZED_AUTOS = YES_AGGRESSIVE;
				GCC_WARN_UNUSED_FUNCTION = YES;
				GCC_WARN_UNUSED_VARIABLE = YES;
				IPHONEOS_DEPLOYMENT_TARGET = 17.5;
				LOCALIZATION_PREFERS_STRING_CATALOGS = YES;
				MTL_ENABLE_DEBUG_INFO = INCLUDE_SOURCE;
				MTL_FAST_MATH = YES;
				ONLY_ACTIVE_ARCH = YES;
				SDKROOT = iphoneos;
				SWIFT_ACTIVE_COMPILATION_CONDITIONS = "DEBUG $(inherited)";
				SWIFT_OPTIMIZATION_LEVEL = "-Onone";
			};
			name = Debug;
		};
		89A771782C3B702500C7068F /* Release */ = {
			isa = XCBuildConfiguration;
			buildSettings = {
				ALWAYS_SEARCH_USER_PATHS = NO;
				ASSETCATALOG_COMPILER_GENERATE_SWIFT_ASSET_SYMBOL_EXTENSIONS = YES;
				CLANG_ANALYZER_NONNULL = YES;
				CLANG_ANALYZER_NUMBER_OBJECT_CONVERSION = YES_AGGRESSIVE;
				CLANG_CXX_LANGUAGE_STANDARD = "gnu++20";
				CLANG_ENABLE_MODULES = YES;
				CLANG_ENABLE_OBJC_ARC = YES;
				CLANG_ENABLE_OBJC_WEAK = YES;
				CLANG_WARN_BLOCK_CAPTURE_AUTORELEASING = YES;
				CLANG_WARN_BOOL_CONVERSION = YES;
				CLANG_WARN_COMMA = YES;
				CLANG_WARN_CONSTANT_CONVERSION = YES;
				CLANG_WARN_DEPRECATED_OBJC_IMPLEMENTATIONS = YES;
				CLANG_WARN_DIRECT_OBJC_ISA_USAGE = YES_ERROR;
				CLANG_WARN_DOCUMENTATION_COMMENTS = YES;
				CLANG_WARN_EMPTY_BODY = YES;
				CLANG_WARN_ENUM_CONVERSION = YES;
				CLANG_WARN_INFINITE_RECURSION = YES;
				CLANG_WARN_INT_CONVERSION = YES;
				CLANG_WARN_NON_LITERAL_NULL_CONVERSION = YES;
				CLANG_WARN_OBJC_IMPLICIT_RETAIN_SELF = YES;
				CLANG_WARN_OBJC_LITERAL_CONVERSION = YES;
				CLANG_WARN_OBJC_ROOT_CLASS = YES_ERROR;
				CLANG_WARN_QUOTED_INCLUDE_IN_FRAMEWORK_HEADER = YES;
				CLANG_WARN_RANGE_LOOP_ANALYSIS = YES;
				CLANG_WARN_STRICT_PROTOTYPES = YES;
				CLANG_WARN_SUSPICIOUS_MOVE = YES;
				CLANG_WARN_UNGUARDED_AVAILABILITY = YES_AGGRESSIVE;
				CLANG_WARN_UNREACHABLE_CODE = YES;
				CLANG_WARN__DUPLICATE_METHOD_MATCH = YES;
				COPY_PHASE_STRIP = NO;
				DEBUG_INFORMATION_FORMAT = "dwarf-with-dsym";
				ENABLE_NS_ASSERTIONS = NO;
				ENABLE_STRICT_OBJC_MSGSEND = YES;
				ENABLE_USER_SCRIPT_SANDBOXING = YES;
				GCC_C_LANGUAGE_STANDARD = gnu17;
				GCC_NO_COMMON_BLOCKS = YES;
				GCC_WARN_64_TO_32_BIT_CONVERSION = YES;
				GCC_WARN_ABOUT_RETURN_TYPE = YES_ERROR;
				GCC_WARN_UNDECLARED_SELECTOR = YES;
				GCC_WARN_UNINITIALIZED_AUTOS = YES_AGGRESSIVE;
				GCC_WARN_UNUSED_FUNCTION = YES;
				GCC_WARN_UNUSED_VARIABLE = YES;
				IPHONEOS_DEPLOYMENT_TARGET = 17.5;
				LOCALIZATION_PREFERS_STRING_CATALOGS = YES;
				MTL_ENABLE_DEBUG_INFO = NO;
				MTL_FAST_MATH = YES;
				SDKROOT = iphoneos;
				SWIFT_COMPILATION_MODE = wholemodule;
				VALIDATE_PRODUCT = YES;
			};
			name = Release;
		};
		89A7717A2C3B702500C7068F /* Debug */ = {
			isa = XCBuildConfiguration;
			buildSettings = {
				ASSETCATALOG_COMPILER_APPICON_NAME = AppIcon;
				ASSETCATALOG_COMPILER_GLOBAL_ACCENT_COLOR_NAME = AccentColor;
				CODE_SIGN_STYLE = Automatic;
				CURRENT_PROJECT_VERSION = 1;
				DEVELOPMENT_ASSET_PATHS = "\"T82/Preview Content\"";
				DEVELOPMENT_TEAM = 267847BU5K;
				ENABLE_PREVIEWS = YES;
				GENERATE_INFOPLIST_FILE = YES;
				INFOPLIST_KEY_LSApplicationCategoryType = "";
				INFOPLIST_KEY_UIApplicationSceneManifest_Generation = YES;
				INFOPLIST_KEY_UIApplicationSupportsIndirectInputEvents = YES;
				INFOPLIST_KEY_UILaunchStoryboardName = LaunchScreen;
				INFOPLIST_KEY_UIStatusBarStyle = UIStatusBarStyleLightContent;
				INFOPLIST_KEY_UISupportedInterfaceOrientations_iPad = "UIInterfaceOrientationPortrait UIInterfaceOrientationPortraitUpsideDown UIInterfaceOrientationLandscapeLeft UIInterfaceOrientationLandscapeRight";
				INFOPLIST_KEY_UISupportedInterfaceOrientations_iPhone = "UIInterfaceOrientationPortrait UIInterfaceOrientationLandscapeLeft UIInterfaceOrientationLandscapeRight";
				INFOPLIST_KEY_UIUserInterfaceStyle = Light;
				LD_RUNPATH_SEARCH_PATHS = (
					"$(inherited)",
					"@executable_path/Frameworks",
				);
				MARKETING_VERSION = 1.0;
				PRODUCT_BUNDLE_IDENTIFIER = com.T82app.T82;
				PRODUCT_NAME = "$(TARGET_NAME)";
				SWIFT_EMIT_LOC_STRINGS = YES;
				SWIFT_VERSION = 5.0;
				TARGETED_DEVICE_FAMILY = "1,2";
			};
			name = Debug;
		};
		89A7717B2C3B702500C7068F /* Release */ = {
			isa = XCBuildConfiguration;
			buildSettings = {
				ASSETCATALOG_COMPILER_APPICON_NAME = AppIcon;
				ASSETCATALOG_COMPILER_GLOBAL_ACCENT_COLOR_NAME = AccentColor;
				CODE_SIGN_STYLE = Automatic;
				CURRENT_PROJECT_VERSION = 1;
				DEVELOPMENT_ASSET_PATHS = "\"T82/Preview Content\"";
				DEVELOPMENT_TEAM = 267847BU5K;
				ENABLE_PREVIEWS = YES;
				GENERATE_INFOPLIST_FILE = YES;
				INFOPLIST_KEY_LSApplicationCategoryType = "";
				INFOPLIST_KEY_UIApplicationSceneManifest_Generation = YES;
				INFOPLIST_KEY_UIApplicationSupportsIndirectInputEvents = YES;
				INFOPLIST_KEY_UILaunchStoryboardName = LaunchScreen;
				INFOPLIST_KEY_UIStatusBarStyle = UIStatusBarStyleLightContent;
				INFOPLIST_KEY_UISupportedInterfaceOrientations_iPad = "UIInterfaceOrientationPortrait UIInterfaceOrientationPortraitUpsideDown UIInterfaceOrientationLandscapeLeft UIInterfaceOrientationLandscapeRight";
				INFOPLIST_KEY_UISupportedInterfaceOrientations_iPhone = "UIInterfaceOrientationPortrait UIInterfaceOrientationLandscapeLeft UIInterfaceOrientationLandscapeRight";
				INFOPLIST_KEY_UIUserInterfaceStyle = Light;
				LD_RUNPATH_SEARCH_PATHS = (
					"$(inherited)",
					"@executable_path/Frameworks",
				);
				MARKETING_VERSION = 1.0;
				PRODUCT_BUNDLE_IDENTIFIER = com.T82app.T82;
				PRODUCT_NAME = "$(TARGET_NAME)";
				SWIFT_EMIT_LOC_STRINGS = YES;
				SWIFT_VERSION = 5.0;
				TARGETED_DEVICE_FAMILY = "1,2";
			};
			name = Release;
		};
/* End XCBuildConfiguration section */

/* Begin XCConfigurationList section */
		89A771662C3B702400C7068F /* Build configuration list for PBXProject "T82" */ = {
			isa = XCConfigurationList;
			buildConfigurations = (
				89A771772C3B702500C7068F /* Debug */,
				89A771782C3B702500C7068F /* Release */,
			);
			defaultConfigurationIsVisible = 0;
			defaultConfigurationName = Release;
		};
		89A771792C3B702500C7068F /* Build configuration list for PBXNativeTarget "T82" */ = {
			isa = XCConfigurationList;
			buildConfigurations = (
				89A7717A2C3B702500C7068F /* Debug */,
				89A7717B2C3B702500C7068F /* Release */,
			);
			defaultConfigurationIsVisible = 0;
			defaultConfigurationName = Release;
		};
/* End XCConfigurationList section */
	};
	rootObject = 89A771632C3B702400C7068F /* Project object */;
}
