// !$*UTF8*$!
{
	archiveVersion = 1;
	classes = {
	};
	objectVersion = 56;
	objects = {

/* Begin PBXBuildFile section */
		894482632C3F5839003F3EE4 /* LoginContent.swift in Sources */ = {isa = PBXBuildFile; fileRef = 894482622C3F5839003F3EE4 /* LoginContent.swift */; };
		8944826E2C3FAF78003F3EE4 /* PasswordValidation.swift in Sources */ = {isa = PBXBuildFile; fileRef = 8944826D2C3FAF78003F3EE4 /* PasswordValidation.swift */; };
		894482722C3FB083003F3EE4 /* PaymentView.swift in Sources */ = {isa = PBXBuildFile; fileRef = 894482712C3FB083003F3EE4 /* PaymentView.swift */; };
		894482742C3FB099003F3EE4 /* PaymentCompleteView.swift in Sources */ = {isa = PBXBuildFile; fileRef = 894482732C3FB099003F3EE4 /* PaymentCompleteView.swift */; };
		894482772C3FB751003F3EE4 /* Coupons.swift in Sources */ = {isa = PBXBuildFile; fileRef = 894482762C3FB751003F3EE4 /* Coupons.swift */; };
		894482792C3FC153003F3EE4 /* Sections.swift in Sources */ = {isa = PBXBuildFile; fileRef = 894482782C3FC153003F3EE4 /* Sections.swift */; };
		8944827C2C3FD906003F3EE4 /* PaymentPrice.swift in Sources */ = {isa = PBXBuildFile; fileRef = 8944827B2C3FD906003F3EE4 /* PaymentPrice.swift */; };
		8944827E2C3FD942003F3EE4 /* PaymentSelection.swift in Sources */ = {isa = PBXBuildFile; fileRef = 8944827D2C3FD942003F3EE4 /* PaymentSelection.swift */; };
		894482802C3FD979003F3EE4 /* CouponList.swift in Sources */ = {isa = PBXBuildFile; fileRef = 8944827F2C3FD979003F3EE4 /* CouponList.swift */; };
		894482832C3FDFB5003F3EE4 /* TicketingProcessBtn.swift in Sources */ = {isa = PBXBuildFile; fileRef = 894482822C3FDFB5003F3EE4 /* TicketingProcessBtn.swift */; };
		894482852C40B4E1003F3EE4 /* CompleteTicket.swift in Sources */ = {isa = PBXBuildFile; fileRef = 894482842C40B4E1003F3EE4 /* CompleteTicket.swift */; };
		894482872C40BD48003F3EE4 /* CompletePrice.swift in Sources */ = {isa = PBXBuildFile; fileRef = 894482862C40BD48003F3EE4 /* CompletePrice.swift */; };
		8944828A2C40CC53003F3EE4 /* MyPageTabInfo.swift in Sources */ = {isa = PBXBuildFile; fileRef = 894482892C40CC53003F3EE4 /* MyPageTabInfo.swift */; };
		8944828E2C40CCD0003F3EE4 /* MyPageView.swift in Sources */ = {isa = PBXBuildFile; fileRef = 8944828D2C40CCD0003F3EE4 /* MyPageView.swift */; };
		894482902C40D17D003F3EE4 /* MyPageTabView.swift in Sources */ = {isa = PBXBuildFile; fileRef = 8944828F2C40D17D003F3EE4 /* MyPageTabView.swift */; };
		894482922C40D2FE003F3EE4 /* MyInfoEditingView.swift in Sources */ = {isa = PBXBuildFile; fileRef = 894482912C40D2FE003F3EE4 /* MyInfoEditingView.swift */; };
		894482942C40D343003F3EE4 /* MyTicketView.swift in Sources */ = {isa = PBXBuildFile; fileRef = 894482932C40D343003F3EE4 /* MyTicketView.swift */; };
		894482962C40D6A0003F3EE4 /* MyTicketDetailView.swift in Sources */ = {isa = PBXBuildFile; fileRef = 894482952C40D6A0003F3EE4 /* MyTicketDetailView.swift */; };
		894482982C40F8D8003F3EE4 /* MyTicket.swift in Sources */ = {isa = PBXBuildFile; fileRef = 894482972C40F8D8003F3EE4 /* MyTicket.swift */; };
		89A7716F2C3B702400C7068F /* T82App.swift in Sources */ = {isa = PBXBuildFile; fileRef = 89A7716E2C3B702400C7068F /* T82App.swift */; };
		89A771732C3B702500C7068F /* Assets.xcassets in Resources */ = {isa = PBXBuildFile; fileRef = 89A771722C3B702500C7068F /* Assets.xcassets */; };
		89A771762C3B702500C7068F /* Preview Assets.xcassets in Resources */ = {isa = PBXBuildFile; fileRef = 89A771752C3B702500C7068F /* Preview Assets.xcassets */; };
		89A771842C3BC16F00C7068F /* AppDelegate.swift in Sources */ = {isa = PBXBuildFile; fileRef = 89A771832C3BC16F00C7068F /* AppDelegate.swift */; };
		89A771862C3BC19D00C7068F /* LaunchScreen.storyboard in Resources */ = {isa = PBXBuildFile; fileRef = 89A771852C3BC19D00C7068F /* LaunchScreen.storyboard */; };
		89A7718A2C3BDEA400C7068F /* LoginView.swift in Sources */ = {isa = PBXBuildFile; fileRef = 89A771892C3BDEA400C7068F /* LoginView.swift */; };
		89A7718C2C3BE5AF00C7068F /* SignUpView.swift in Sources */ = {isa = PBXBuildFile; fileRef = 89A7718B2C3BE5AF00C7068F /* SignUpView.swift */; };
		89B57D672C40FBD400784CC3 /* MyTicketViewModel.swift in Sources */ = {isa = PBXBuildFile; fileRef = 89B57D662C40FBD400784CC3 /* MyTicketViewModel.swift */; };
		89B57D692C41033B00784CC3 /* Date+Extensions.swift in Sources */ = {isa = PBXBuildFile; fileRef = 89B57D682C41033B00784CC3 /* Date+Extensions.swift */; };
		89B57D6D2C439D3000784CC3 /* MainTabInfo.swift in Sources */ = {isa = PBXBuildFile; fileRef = 89B57D6C2C439D3000784CC3 /* MainTabInfo.swift */; };
		89B57D6F2C439E2A00784CC3 /* MainTabView.swift in Sources */ = {isa = PBXBuildFile; fileRef = 89B57D6E2C439E2A00784CC3 /* MainTabView.swift */; };
		89B57D722C439ED000784CC3 /* MDShopView.swift in Sources */ = {isa = PBXBuildFile; fileRef = 89B57D712C439ED000784CC3 /* MDShopView.swift */; };
		89B57D782C439F3500784CC3 /* MainView.swift in Sources */ = {isa = PBXBuildFile; fileRef = 89B57D772C439F3500784CC3 /* MainView.swift */; };
		89B57D7F2C43BFD000784CC3 /* MyLocalView.swift in Sources */ = {isa = PBXBuildFile; fileRef = 89B57D7E2C43BFD000784CC3 /* MyLocalView.swift */; };
		89B57D822C43D56A00784CC3 /* SelectSeatView.swift in Sources */ = {isa = PBXBuildFile; fileRef = 89B57D812C43D56A00784CC3 /* SelectSeatView.swift */; };
		89B57D842C43D57900784CC3 /* SelectSeatViewModel.swift in Sources */ = {isa = PBXBuildFile; fileRef = 89B57D832C43D57900784CC3 /* SelectSeatViewModel.swift */; };
		89B57D862C43F0CA00784CC3 /* SeatsInfo.swift in Sources */ = {isa = PBXBuildFile; fileRef = 89B57D852C43F0CA00784CC3 /* SeatsInfo.swift */; };
		89B57D882C43F37700784CC3 /* Seat.swift in Sources */ = {isa = PBXBuildFile; fileRef = 89B57D872C43F37700784CC3 /* Seat.swift */; };
		89B57D8A2C43F66F00784CC3 /* SeatsPrice.swift in Sources */ = {isa = PBXBuildFile; fileRef = 89B57D892C43F66F00784CC3 /* SeatsPrice.swift */; };
		89BC46892C44C55400CDBB38 /* MyInfoEditingViewModel.swift in Sources */ = {isa = PBXBuildFile; fileRef = 89BC46882C44C55400CDBB38 /* MyInfoEditingViewModel.swift */; };
		89BC468C2C44C5AC00CDBB38 /* User.swift in Sources */ = {isa = PBXBuildFile; fileRef = 89BC468B2C44C5AC00CDBB38 /* User.swift */; };
		89BC468E2C44CC4800CDBB38 /* CustomTabBarButton.swift in Sources */ = {isa = PBXBuildFile; fileRef = 89BC468D2C44CC4800CDBB38 /* CustomTabBarButton.swift */; };
		89BC46902C45022500CDBB38 /* LoginViewModel.swift in Sources */ = {isa = PBXBuildFile; fileRef = 89BC468F2C45022500CDBB38 /* LoginViewModel.swift */; };
		89BC46922C45032B00CDBB38 /* LoginBtn.swift in Sources */ = {isa = PBXBuildFile; fileRef = 89BC46912C45032B00CDBB38 /* LoginBtn.swift */; };
		89BC46942C45034B00CDBB38 /* SignUpBtn.swift in Sources */ = {isa = PBXBuildFile; fileRef = 89BC46932C45034B00CDBB38 /* SignUpBtn.swift */; };
		89BC46962C45042700CDBB38 /* SignUpViewModel.swift in Sources */ = {isa = PBXBuildFile; fileRef = 89BC46952C45042700CDBB38 /* SignUpViewModel.swift */; };
		89BC469A2C4526B300CDBB38 /* MyReviewView.swift in Sources */ = {isa = PBXBuildFile; fileRef = 89BC46992C4526B300CDBB38 /* MyReviewView.swift */; };
		89BC469C2C4526C500CDBB38 /* MyReviewViewModel.swift in Sources */ = {isa = PBXBuildFile; fileRef = 89BC469B2C4526C500CDBB38 /* MyReviewViewModel.swift */; };
		89BC469E2C45270C00CDBB38 /* MyReview.swift in Sources */ = {isa = PBXBuildFile; fileRef = 89BC469D2C45270C00CDBB38 /* MyReview.swift */; };
		89BC46A12C456DEF00CDBB38 /* TossPayments in Frameworks */ = {isa = PBXBuildFile; productRef = 89BC46A02C456DEF00CDBB38 /* TossPayments */; };
		89BC46A32C456E0900CDBB38 /* TossPaymentsView.swift in Sources */ = {isa = PBXBuildFile; fileRef = 89BC46A22C456E0900CDBB38 /* TossPaymentsView.swift */; };
		89BC46A62C456E8100CDBB38 /* TossPaymentViewModel.swift in Sources */ = {isa = PBXBuildFile; fileRef = 89BC46A52C456E8100CDBB38 /* TossPaymentViewModel.swift */; };
		89EAB4D82C3D9BD0002B8515 /* NavigationBtnType.swift in Sources */ = {isa = PBXBuildFile; fileRef = 89EAB4D72C3D9BD0002B8515 /* NavigationBtnType.swift */; };
		89EAB4DA2C3D9BE3002B8515 /* CustomNavigationBar.swift in Sources */ = {isa = PBXBuildFile; fileRef = 89EAB4D92C3D9BE3002B8515 /* CustomNavigationBar.swift */; };
		89EAB4DD2C3D9D76002B8515 /* SignUpContent.swift in Sources */ = {isa = PBXBuildFile; fileRef = 89EAB4DC2C3D9D76002B8515 /* SignUpContent.swift */; };
		89EAB4E02C3E6488002B8515 /* Color+extensions.swift in Sources */ = {isa = PBXBuildFile; fileRef = 89EAB4DF2C3E6488002B8515 /* Color+extensions.swift */; };
		AAFE6D332C3FA10E00FB6BA6 /* MainpageView.swift in Sources */ = {isa = PBXBuildFile; fileRef = AAFE6D322C3FA10D00FB6BA6 /* MainpageView.swift */; };
		AAFE6D352C4159B900FB6BA6 /* CustomTabView.swift in Sources */ = {isa = PBXBuildFile; fileRef = AAFE6D342C4159B900FB6BA6 /* CustomTabView.swift */; };
		AAFE6D382C41A68600FB6BA6 /* DetailPage.swift in Sources */ = {isa = PBXBuildFile; fileRef = AAFE6D372C41A68600FB6BA6 /* DetailPage.swift */; };
		AAFE6D3B2C44A89A00FB6BA6 /* ReservationPage.swift in Sources */ = {isa = PBXBuildFile; fileRef = AAFE6D3A2C44A89A00FB6BA6 /* ReservationPage.swift */; };
/* End PBXBuildFile section */

/* Begin PBXFileReference section */
		894482622C3F5839003F3EE4 /* LoginContent.swift */ = {isa = PBXFileReference; lastKnownFileType = sourcecode.swift; path = LoginContent.swift; sourceTree = "<group>"; };
		8944826D2C3FAF78003F3EE4 /* PasswordValidation.swift */ = {isa = PBXFileReference; lastKnownFileType = sourcecode.swift; path = PasswordValidation.swift; sourceTree = "<group>"; };
		894482712C3FB083003F3EE4 /* PaymentView.swift */ = {isa = PBXFileReference; lastKnownFileType = sourcecode.swift; path = PaymentView.swift; sourceTree = "<group>"; };
		894482732C3FB099003F3EE4 /* PaymentCompleteView.swift */ = {isa = PBXFileReference; lastKnownFileType = sourcecode.swift; path = PaymentCompleteView.swift; sourceTree = "<group>"; };
		894482762C3FB751003F3EE4 /* Coupons.swift */ = {isa = PBXFileReference; lastKnownFileType = sourcecode.swift; path = Coupons.swift; sourceTree = "<group>"; };
		894482782C3FC153003F3EE4 /* Sections.swift */ = {isa = PBXFileReference; lastKnownFileType = sourcecode.swift; path = Sections.swift; sourceTree = "<group>"; };
		8944827B2C3FD906003F3EE4 /* PaymentPrice.swift */ = {isa = PBXFileReference; lastKnownFileType = sourcecode.swift; path = PaymentPrice.swift; sourceTree = "<group>"; };
		8944827D2C3FD942003F3EE4 /* PaymentSelection.swift */ = {isa = PBXFileReference; lastKnownFileType = sourcecode.swift; path = PaymentSelection.swift; sourceTree = "<group>"; };
		8944827F2C3FD979003F3EE4 /* CouponList.swift */ = {isa = PBXFileReference; lastKnownFileType = sourcecode.swift; path = CouponList.swift; sourceTree = "<group>"; };
		894482822C3FDFB5003F3EE4 /* TicketingProcessBtn.swift */ = {isa = PBXFileReference; lastKnownFileType = sourcecode.swift; path = TicketingProcessBtn.swift; sourceTree = "<group>"; };
		894482842C40B4E1003F3EE4 /* CompleteTicket.swift */ = {isa = PBXFileReference; lastKnownFileType = sourcecode.swift; path = CompleteTicket.swift; sourceTree = "<group>"; };
		894482862C40BD48003F3EE4 /* CompletePrice.swift */ = {isa = PBXFileReference; lastKnownFileType = sourcecode.swift; path = CompletePrice.swift; sourceTree = "<group>"; };
		894482892C40CC53003F3EE4 /* MyPageTabInfo.swift */ = {isa = PBXFileReference; lastKnownFileType = sourcecode.swift; path = MyPageTabInfo.swift; sourceTree = "<group>"; };
		8944828D2C40CCD0003F3EE4 /* MyPageView.swift */ = {isa = PBXFileReference; lastKnownFileType = sourcecode.swift; path = MyPageView.swift; sourceTree = "<group>"; };
		8944828F2C40D17D003F3EE4 /* MyPageTabView.swift */ = {isa = PBXFileReference; lastKnownFileType = sourcecode.swift; path = MyPageTabView.swift; sourceTree = "<group>"; };
		894482912C40D2FE003F3EE4 /* MyInfoEditingView.swift */ = {isa = PBXFileReference; lastKnownFileType = sourcecode.swift; path = MyInfoEditingView.swift; sourceTree = "<group>"; };
		894482932C40D343003F3EE4 /* MyTicketView.swift */ = {isa = PBXFileReference; lastKnownFileType = sourcecode.swift; path = MyTicketView.swift; sourceTree = "<group>"; };
		894482952C40D6A0003F3EE4 /* MyTicketDetailView.swift */ = {isa = PBXFileReference; lastKnownFileType = sourcecode.swift; path = MyTicketDetailView.swift; sourceTree = "<group>"; };
		894482972C40F8D8003F3EE4 /* MyTicket.swift */ = {isa = PBXFileReference; lastKnownFileType = sourcecode.swift; path = MyTicket.swift; sourceTree = "<group>"; };
		89A7716B2C3B702400C7068F /* T82.app */ = {isa = PBXFileReference; explicitFileType = wrapper.application; includeInIndex = 0; path = T82.app; sourceTree = BUILT_PRODUCTS_DIR; };
		89A7716E2C3B702400C7068F /* T82App.swift */ = {isa = PBXFileReference; lastKnownFileType = sourcecode.swift; path = T82App.swift; sourceTree = "<group>"; };
		89A771722C3B702500C7068F /* Assets.xcassets */ = {isa = PBXFileReference; lastKnownFileType = folder.assetcatalog; path = Assets.xcassets; sourceTree = "<group>"; };
		89A771752C3B702500C7068F /* Preview Assets.xcassets */ = {isa = PBXFileReference; lastKnownFileType = folder.assetcatalog; path = "Preview Assets.xcassets"; sourceTree = "<group>"; };
		89A771832C3BC16F00C7068F /* AppDelegate.swift */ = {isa = PBXFileReference; lastKnownFileType = sourcecode.swift; path = AppDelegate.swift; sourceTree = "<group>"; };
		89A771852C3BC19D00C7068F /* LaunchScreen.storyboard */ = {isa = PBXFileReference; lastKnownFileType = file.storyboard; path = LaunchScreen.storyboard; sourceTree = "<group>"; };
		89A771892C3BDEA400C7068F /* LoginView.swift */ = {isa = PBXFileReference; lastKnownFileType = sourcecode.swift; path = LoginView.swift; sourceTree = "<group>"; };
		89A7718B2C3BE5AF00C7068F /* SignUpView.swift */ = {isa = PBXFileReference; lastKnownFileType = sourcecode.swift; path = SignUpView.swift; sourceTree = "<group>"; };
		89B57D662C40FBD400784CC3 /* MyTicketViewModel.swift */ = {isa = PBXFileReference; lastKnownFileType = sourcecode.swift; path = MyTicketViewModel.swift; sourceTree = "<group>"; };
		89B57D682C41033B00784CC3 /* Date+Extensions.swift */ = {isa = PBXFileReference; lastKnownFileType = sourcecode.swift; path = "Date+Extensions.swift"; sourceTree = "<group>"; };
		89B57D6C2C439D3000784CC3 /* MainTabInfo.swift */ = {isa = PBXFileReference; lastKnownFileType = sourcecode.swift; path = MainTabInfo.swift; sourceTree = "<group>"; };
		89B57D6E2C439E2A00784CC3 /* MainTabView.swift */ = {isa = PBXFileReference; lastKnownFileType = sourcecode.swift; path = MainTabView.swift; sourceTree = "<group>"; };
		89B57D712C439ED000784CC3 /* MDShopView.swift */ = {isa = PBXFileReference; lastKnownFileType = sourcecode.swift; path = MDShopView.swift; sourceTree = "<group>"; };
		89B57D772C439F3500784CC3 /* MainView.swift */ = {isa = PBXFileReference; lastKnownFileType = sourcecode.swift; path = MainView.swift; sourceTree = "<group>"; };
		89B57D7E2C43BFD000784CC3 /* MyLocalView.swift */ = {isa = PBXFileReference; lastKnownFileType = sourcecode.swift; path = MyLocalView.swift; sourceTree = "<group>"; };
		89B57D812C43D56A00784CC3 /* SelectSeatView.swift */ = {isa = PBXFileReference; lastKnownFileType = sourcecode.swift; path = SelectSeatView.swift; sourceTree = "<group>"; };
		89B57D832C43D57900784CC3 /* SelectSeatViewModel.swift */ = {isa = PBXFileReference; lastKnownFileType = sourcecode.swift; path = SelectSeatViewModel.swift; sourceTree = "<group>"; };
		89B57D852C43F0CA00784CC3 /* SeatsInfo.swift */ = {isa = PBXFileReference; lastKnownFileType = sourcecode.swift; path = SeatsInfo.swift; sourceTree = "<group>"; };
		89B57D872C43F37700784CC3 /* Seat.swift */ = {isa = PBXFileReference; lastKnownFileType = sourcecode.swift; path = Seat.swift; sourceTree = "<group>"; };
		89B57D892C43F66F00784CC3 /* SeatsPrice.swift */ = {isa = PBXFileReference; lastKnownFileType = sourcecode.swift; path = SeatsPrice.swift; sourceTree = "<group>"; };
		89BC46882C44C55400CDBB38 /* MyInfoEditingViewModel.swift */ = {isa = PBXFileReference; lastKnownFileType = sourcecode.swift; path = MyInfoEditingViewModel.swift; sourceTree = "<group>"; };
		89BC468B2C44C5AC00CDBB38 /* User.swift */ = {isa = PBXFileReference; lastKnownFileType = sourcecode.swift; path = User.swift; sourceTree = "<group>"; };
		89BC468D2C44CC4800CDBB38 /* CustomTabBarButton.swift */ = {isa = PBXFileReference; lastKnownFileType = sourcecode.swift; path = CustomTabBarButton.swift; sourceTree = "<group>"; };
		89BC468F2C45022500CDBB38 /* LoginViewModel.swift */ = {isa = PBXFileReference; lastKnownFileType = sourcecode.swift; path = LoginViewModel.swift; sourceTree = "<group>"; };
		89BC46912C45032B00CDBB38 /* LoginBtn.swift */ = {isa = PBXFileReference; lastKnownFileType = sourcecode.swift; path = LoginBtn.swift; sourceTree = "<group>"; };
		89BC46932C45034B00CDBB38 /* SignUpBtn.swift */ = {isa = PBXFileReference; lastKnownFileType = sourcecode.swift; path = SignUpBtn.swift; sourceTree = "<group>"; };
		89BC46952C45042700CDBB38 /* SignUpViewModel.swift */ = {isa = PBXFileReference; lastKnownFileType = sourcecode.swift; path = SignUpViewModel.swift; sourceTree = "<group>"; };
		89BC46992C4526B300CDBB38 /* MyReviewView.swift */ = {isa = PBXFileReference; lastKnownFileType = sourcecode.swift; path = MyReviewView.swift; sourceTree = "<group>"; };
		89BC469B2C4526C500CDBB38 /* MyReviewViewModel.swift */ = {isa = PBXFileReference; lastKnownFileType = sourcecode.swift; path = MyReviewViewModel.swift; sourceTree = "<group>"; };
		89BC469D2C45270C00CDBB38 /* MyReview.swift */ = {isa = PBXFileReference; lastKnownFileType = sourcecode.swift; path = MyReview.swift; sourceTree = "<group>"; };
		89BC46A22C456E0900CDBB38 /* TossPaymentsView.swift */ = {isa = PBXFileReference; lastKnownFileType = sourcecode.swift; path = TossPaymentsView.swift; sourceTree = "<group>"; };
		89BC46A52C456E8100CDBB38 /* TossPaymentViewModel.swift */ = {isa = PBXFileReference; lastKnownFileType = sourcecode.swift; path = TossPaymentViewModel.swift; sourceTree = "<group>"; };
		89EAB4D72C3D9BD0002B8515 /* NavigationBtnType.swift */ = {isa = PBXFileReference; lastKnownFileType = sourcecode.swift; path = NavigationBtnType.swift; sourceTree = "<group>"; };
		89EAB4D92C3D9BE3002B8515 /* CustomNavigationBar.swift */ = {isa = PBXFileReference; lastKnownFileType = sourcecode.swift; path = CustomNavigationBar.swift; sourceTree = "<group>"; };
		89EAB4DC2C3D9D76002B8515 /* SignUpContent.swift */ = {isa = PBXFileReference; lastKnownFileType = sourcecode.swift; path = SignUpContent.swift; sourceTree = "<group>"; };
		89EAB4DF2C3E6488002B8515 /* Color+extensions.swift */ = {isa = PBXFileReference; lastKnownFileType = sourcecode.swift; path = "Color+extensions.swift"; sourceTree = "<group>"; };
		AAFE6D322C3FA10D00FB6BA6 /* MainpageView.swift */ = {isa = PBXFileReference; lastKnownFileType = sourcecode.swift; path = MainpageView.swift; sourceTree = "<group>"; };
		AAFE6D342C4159B900FB6BA6 /* CustomTabView.swift */ = {isa = PBXFileReference; lastKnownFileType = sourcecode.swift; name = CustomTabView.swift; path = T82/Feature/Mainpage/CustomTabView.swift; sourceTree = SOURCE_ROOT; };
		AAFE6D372C41A68600FB6BA6 /* DetailPage.swift */ = {isa = PBXFileReference; lastKnownFileType = sourcecode.swift; path = DetailPage.swift; sourceTree = "<group>"; };
		AAFE6D3A2C44A89A00FB6BA6 /* ReservationPage.swift */ = {isa = PBXFileReference; lastKnownFileType = sourcecode.swift; path = ReservationPage.swift; sourceTree = "<group>"; };
/* End PBXFileReference section */

/* Begin PBXFrameworksBuildPhase section */
		89A771682C3B702400C7068F /* Frameworks */ = {
			isa = PBXFrameworksBuildPhase;
			buildActionMask = 2147483647;
			files = (
				89BC46A12C456DEF00CDBB38 /* TossPayments in Frameworks */,
			);
			runOnlyForDeploymentPostprocessing = 0;
		};
/* End PBXFrameworksBuildPhase section */

/* Begin PBXGroup section */
		894482642C3F586E003F3EE4 /* Login */ = {
			isa = PBXGroup;
			children = (
				894482622C3F5839003F3EE4 /* LoginContent.swift */,
			);
			path = Login;
			sourceTree = "<group>";
		};
		894482652C3F7B75003F3EE4 /* SignUp */ = {
			isa = PBXGroup;
			children = (
				89EAB4DC2C3D9D76002B8515 /* SignUpContent.swift */,
			);
			path = SignUp;
			sourceTree = "<group>";
		};
		8944826F2C3FB04A003F3EE4 /* MyPage */ = {
			isa = PBXGroup;
			children = (
				8944828F2C40D17D003F3EE4 /* MyPageTabView.swift */,
				894482892C40CC53003F3EE4 /* MyPageTabInfo.swift */,
				8944828D2C40CCD0003F3EE4 /* MyPageView.swift */,
				894482992C40FB21003F3EE4 /* MyInfoEdit */,
				8944829A2C40FB35003F3EE4 /* MyTicket */,
				89BC46982C45266000CDBB38 /* MyReview */,
			);
			path = MyPage;
			sourceTree = "<group>";
		};
		894482702C3FB067003F3EE4 /* Payment */ = {
			isa = PBXGroup;
			children = (
				89BC46A42C456E3900CDBB38 /* TossPayment */,
				89B57D6A2C42BE2600784CC3 /* BeforePayment */,
				89B57D6B2C42BE4E00784CC3 /* CompletePayment */,
			);
			path = Payment;
			sourceTree = "<group>";
		};
		894482752C3FB2C5003F3EE4 /* Payment */ = {
			isa = PBXGroup;
			children = (
				894482762C3FB751003F3EE4 /* Coupons.swift */,
			);
			path = Payment;
			sourceTree = "<group>";
		};
		8944827A2C3FC15D003F3EE4 /* Seats */ = {
			isa = PBXGroup;
			children = (
				894482782C3FC153003F3EE4 /* Sections.swift */,
				89B57D872C43F37700784CC3 /* Seat.swift */,
			);
			path = Seats;
			sourceTree = "<group>";
		};
		894482812C3FDC0A003F3EE4 /* Button */ = {
			isa = PBXGroup;
			children = (
				894482822C3FDFB5003F3EE4 /* TicketingProcessBtn.swift */,
			);
			path = Button;
			sourceTree = "<group>";
		};
		894482882C40CC0F003F3EE4 /* MyPage */ = {
			isa = PBXGroup;
			children = (
				894482972C40F8D8003F3EE4 /* MyTicket.swift */,
				89BC469D2C45270C00CDBB38 /* MyReview.swift */,
			);
			path = MyPage;
			sourceTree = "<group>";
		};
		894482992C40FB21003F3EE4 /* MyInfoEdit */ = {
			isa = PBXGroup;
			children = (
				894482912C40D2FE003F3EE4 /* MyInfoEditingView.swift */,
				89BC46882C44C55400CDBB38 /* MyInfoEditingViewModel.swift */,
			);
			path = MyInfoEdit;
			sourceTree = "<group>";
		};
		8944829A2C40FB35003F3EE4 /* MyTicket */ = {
			isa = PBXGroup;
			children = (
				894482932C40D343003F3EE4 /* MyTicketView.swift */,
				894482952C40D6A0003F3EE4 /* MyTicketDetailView.swift */,
				89B57D662C40FBD400784CC3 /* MyTicketViewModel.swift */,
			);
			path = MyTicket;
			sourceTree = "<group>";
		};
		89A771622C3B702400C7068F = {
			isa = PBXGroup;
			children = (
				89A7716D2C3B702400C7068F /* T82 */,
				89A7716C2C3B702400C7068F /* Products */,
			);
			sourceTree = "<group>";
		};
		89A7716C2C3B702400C7068F /* Products */ = {
			isa = PBXGroup;
			children = (
				89A7716B2C3B702400C7068F /* T82.app */,
			);
			name = Products;
			sourceTree = "<group>";
		};
		89A7716D2C3B702400C7068F /* T82 */ = {
			isa = PBXGroup;
			children = (
				89BC46972C45178F00CDBB38 /* Dump */,
				89A7717C2C3BBF4700C7068F /* App */,
				89A7717D2C3BBF4E00C7068F /* Core */,
				89A7717E2C3BBF5900C7068F /* Component */,
				89A7717F2C3BBF5E00C7068F /* Feature */,
				89A771802C3BBF6400C7068F /* Model */,
				89A771722C3B702500C7068F /* Assets.xcassets */,
				89A771742C3B702500C7068F /* Preview Content */,
			);
			path = T82;
			sourceTree = "<group>";
		};
		89A771742C3B702500C7068F /* Preview Content */ = {
			isa = PBXGroup;
			children = (
				89A771752C3B702500C7068F /* Preview Assets.xcassets */,
			);
			path = "Preview Content";
			sourceTree = "<group>";
		};
		89A7717C2C3BBF4700C7068F /* App */ = {
			isa = PBXGroup;
			children = (
				89A7716E2C3B702400C7068F /* T82App.swift */,
				89A771832C3BC16F00C7068F /* AppDelegate.swift */,
				89A771852C3BC19D00C7068F /* LaunchScreen.storyboard */,
			);
			path = App;
			sourceTree = "<group>";
		};
		89A7717D2C3BBF4E00C7068F /* Core */ = {
			isa = PBXGroup;
			children = (
				89A771812C3BBF7C00C7068F /* Service */,
				89A771822C3BBF8300C7068F /* Extension */,
			);
			path = Core;
			sourceTree = "<group>";
		};
		89A7717E2C3BBF5900C7068F /* Component */ = {
			isa = PBXGroup;
			children = (
				894482812C3FDC0A003F3EE4 /* Button */,
				89EAB4DE2C3E60F1002B8515 /* TabView */,
				89EAB4D62C3D9BB2002B8515 /* NavigationBar */,
			);
			path = Component;
			sourceTree = "<group>";
		};
		89A7717F2C3BBF5E00C7068F /* Feature */ = {
			isa = PBXGroup;
			children = (
				AAFE6D392C44A87500FB6BA6 /* ReservationPage */,
				AAFE6D362C41A67000FB6BA6 /* DetailPage */,
				AAFE6D2D2C3FA00200FB6BA6 /* Mainpage */,
				89A771872C3BC8AD00C7068F /* Login */,
				89A771882C3BC8B400C7068F /* SignUp */,
				89B57D7B2C43BEEF00784CC3 /* SeatSelect */,
				894482702C3FB067003F3EE4 /* Payment */,
				8944826F2C3FB04A003F3EE4 /* MyPage */,
				89B57D7D2C43BFBA00784CC3 /* CurrentLocation */,
				89B57D702C439EBA00784CC3 /* MDShop */,
			);
			path = Feature;
			sourceTree = "<group>";
		};
		89A771802C3BBF6400C7068F /* Model */ = {
			isa = PBXGroup;
			children = (
				89BC468A2C44C5A100CDBB38 /* Auth */,
				894482642C3F586E003F3EE4 /* Login */,
				894482652C3F7B75003F3EE4 /* SignUp */,
				894482882C40CC0F003F3EE4 /* MyPage */,
				8944827A2C3FC15D003F3EE4 /* Seats */,
				894482752C3FB2C5003F3EE4 /* Payment */,
			);
			path = Model;
			sourceTree = "<group>";
		};
		89A771812C3BBF7C00C7068F /* Service */ = {
			isa = PBXGroup;
			children = (
				8944826D2C3FAF78003F3EE4 /* PasswordValidation.swift */,
			);
			path = Service;
			sourceTree = "<group>";
		};
		89A771822C3BBF8300C7068F /* Extension */ = {
			isa = PBXGroup;
			children = (
				89B57D682C41033B00784CC3 /* Date+Extensions.swift */,
				89EAB4DF2C3E6488002B8515 /* Color+extensions.swift */,
			);
			path = Extension;
			sourceTree = "<group>";
		};
		89A771872C3BC8AD00C7068F /* Login */ = {
			isa = PBXGroup;
			children = (
				89A771892C3BDEA400C7068F /* LoginView.swift */,
				89BC468F2C45022500CDBB38 /* LoginViewModel.swift */,
				89BC46912C45032B00CDBB38 /* LoginBtn.swift */,
				89BC46932C45034B00CDBB38 /* SignUpBtn.swift */,
			);
			path = Login;
			sourceTree = "<group>";
		};
		89A771882C3BC8B400C7068F /* SignUp */ = {
			isa = PBXGroup;
			children = (
				89A7718B2C3BE5AF00C7068F /* SignUpView.swift */,
				89BC46952C45042700CDBB38 /* SignUpViewModel.swift */,
			);
			path = SignUp;
			sourceTree = "<group>";
		};
		89B57D6A2C42BE2600784CC3 /* BeforePayment */ = {
			isa = PBXGroup;
			children = (
				894482712C3FB083003F3EE4 /* PaymentView.swift */,
				8944827F2C3FD979003F3EE4 /* CouponList.swift */,
				8944827B2C3FD906003F3EE4 /* PaymentPrice.swift */,
				8944827D2C3FD942003F3EE4 /* PaymentSelection.swift */,
			);
			path = BeforePayment;
			sourceTree = "<group>";
		};
		89B57D6B2C42BE4E00784CC3 /* CompletePayment */ = {
			isa = PBXGroup;
			children = (
				894482732C3FB099003F3EE4 /* PaymentCompleteView.swift */,
				894482842C40B4E1003F3EE4 /* CompleteTicket.swift */,
				894482862C40BD48003F3EE4 /* CompletePrice.swift */,
			);
			path = CompletePayment;
			sourceTree = "<group>";
		};
		89B57D702C439EBA00784CC3 /* MDShop */ = {
			isa = PBXGroup;
			children = (
				89B57D712C439ED000784CC3 /* MDShopView.swift */,
			);
			path = MDShop;
			sourceTree = "<group>";
		};
		89B57D7B2C43BEEF00784CC3 /* SeatSelect */ = {
			isa = PBXGroup;
			children = (
				89B57D812C43D56A00784CC3 /* SelectSeatView.swift */,
				89B57D832C43D57900784CC3 /* SelectSeatViewModel.swift */,
				89B57D852C43F0CA00784CC3 /* SeatsInfo.swift */,
				89B57D892C43F66F00784CC3 /* SeatsPrice.swift */,
			);
			path = SeatSelect;
			sourceTree = "<group>";
		};
		89B57D7D2C43BFBA00784CC3 /* CurrentLocation */ = {
			isa = PBXGroup;
			children = (
				89B57D7E2C43BFD000784CC3 /* MyLocalView.swift */,
			);
			path = CurrentLocation;
			sourceTree = "<group>";
		};
		89BC468A2C44C5A100CDBB38 /* Auth */ = {
			isa = PBXGroup;
			children = (
				89BC468B2C44C5AC00CDBB38 /* User.swift */,
			);
			path = Auth;
			sourceTree = "<group>";
		};
		89BC46972C45178F00CDBB38 /* Dump */ = {
			isa = PBXGroup;
			children = (
				89B57D772C439F3500784CC3 /* MainView.swift */,
				89B57D6C2C439D3000784CC3 /* MainTabInfo.swift */,
				89B57D6E2C439E2A00784CC3 /* MainTabView.swift */,
			);
			path = Dump;
			sourceTree = "<group>";
		};
		89BC46982C45266000CDBB38 /* MyReview */ = {
			isa = PBXGroup;
			children = (
				89BC46992C4526B300CDBB38 /* MyReviewView.swift */,
				89BC469B2C4526C500CDBB38 /* MyReviewViewModel.swift */,
			);
			path = MyReview;
			sourceTree = "<group>";
		};
		89BC46A42C456E3900CDBB38 /* TossPayment */ = {
			isa = PBXGroup;
			children = (
				89BC46A22C456E0900CDBB38 /* TossPaymentsView.swift */,
				89BC46A52C456E8100CDBB38 /* TossPaymentViewModel.swift */,
			);
			path = TossPayment;
			sourceTree = "<group>";
		};
		89EAB4D62C3D9BB2002B8515 /* NavigationBar */ = {
			isa = PBXGroup;
			children = (
				89EAB4D92C3D9BE3002B8515 /* CustomNavigationBar.swift */,
				89EAB4D72C3D9BD0002B8515 /* NavigationBtnType.swift */,
			);
			path = NavigationBar;
			sourceTree = "<group>";
		};
		89EAB4DE2C3E60F1002B8515 /* TabView */ = {
			isa = PBXGroup;
			children = (
				AAFE6D342C4159B900FB6BA6 /* CustomTabView.swift */,
				89BC468D2C44CC4800CDBB38 /* CustomTabBarButton.swift */,
			);
			path = TabView;
			sourceTree = "<group>";
		};
		AAFE6D2D2C3FA00200FB6BA6 /* Mainpage */ = {
			isa = PBXGroup;
			children = (
				AAFE6D322C3FA10D00FB6BA6 /* MainpageView.swift */,
			);
			path = Mainpage;
			sourceTree = "<group>";
		};
		AAFE6D362C41A67000FB6BA6 /* DetailPage */ = {
			isa = PBXGroup;
			children = (
				AAFE6D372C41A68600FB6BA6 /* DetailPage.swift */,
			);
			path = DetailPage;
			sourceTree = "<group>";
		};
		AAFE6D392C44A87500FB6BA6 /* ReservationPage */ = {
			isa = PBXGroup;
			children = (
				AAFE6D3A2C44A89A00FB6BA6 /* ReservationPage.swift */,
			);
			path = ReservationPage;
			sourceTree = "<group>";
		};
/* End PBXGroup section */

/* Begin PBXNativeTarget section */
		89A7716A2C3B702400C7068F /* T82 */ = {
			isa = PBXNativeTarget;
			buildConfigurationList = 89A771792C3B702500C7068F /* Build configuration list for PBXNativeTarget "T82" */;
			buildPhases = (
				89A771672C3B702400C7068F /* Sources */,
				89A771682C3B702400C7068F /* Frameworks */,
				89A771692C3B702400C7068F /* Resources */,
			);
			buildRules = (
			);
			dependencies = (
			);
			name = T82;
			packageProductDependencies = (
				89BC46A02C456DEF00CDBB38 /* TossPayments */,
			);
			productName = T82;
			productReference = 89A7716B2C3B702400C7068F /* T82.app */;
			productType = "com.apple.product-type.application";
		};
/* End PBXNativeTarget section */

/* Begin PBXProject section */
		89A771632C3B702400C7068F /* Project object */ = {
			isa = PBXProject;
			attributes = {
				BuildIndependentTargetsInParallel = 1;
				LastSwiftUpdateCheck = 1540;
				LastUpgradeCheck = 1540;
				TargetAttributes = {
					89A7716A2C3B702400C7068F = {
						CreatedOnToolsVersion = 15.4;
					};
				};
			};
			buildConfigurationList = 89A771662C3B702400C7068F /* Build configuration list for PBXProject "T82" */;
			compatibilityVersion = "Xcode 14.0";
			developmentRegion = en;
			hasScannedForEncodings = 0;
			knownRegions = (
				en,
				Base,
			);
			mainGroup = 89A771622C3B702400C7068F;
			packageReferences = (
				89BC469F2C456DEF00CDBB38 /* XCRemoteSwiftPackageReference "payment-sdk-ios" */,
			);
			productRefGroup = 89A7716C2C3B702400C7068F /* Products */;
			projectDirPath = "";
			projectRoot = "";
			targets = (
				89A7716A2C3B702400C7068F /* T82 */,
			);
		};
/* End PBXProject section */

/* Begin PBXResourcesBuildPhase section */
		89A771692C3B702400C7068F /* Resources */ = {
			isa = PBXResourcesBuildPhase;
			buildActionMask = 2147483647;
			files = (
				89A771862C3BC19D00C7068F /* LaunchScreen.storyboard in Resources */,
				89A771762C3B702500C7068F /* Preview Assets.xcassets in Resources */,
				89A771732C3B702500C7068F /* Assets.xcassets in Resources */,
			);
			runOnlyForDeploymentPostprocessing = 0;
		};
/* End PBXResourcesBuildPhase section */

/* Begin PBXSourcesBuildPhase section */
		89A771672C3B702400C7068F /* Sources */ = {
			isa = PBXSourcesBuildPhase;
			buildActionMask = 2147483647;
			files = (
				894482722C3FB083003F3EE4 /* PaymentView.swift in Sources */,
				89BC46962C45042700CDBB38 /* SignUpViewModel.swift in Sources */,
				894482792C3FC153003F3EE4 /* Sections.swift in Sources */,
				89BC469E2C45270C00CDBB38 /* MyReview.swift in Sources */,
				894482942C40D343003F3EE4 /* MyTicketView.swift in Sources */,
				89EAB4DA2C3D9BE3002B8515 /* CustomNavigationBar.swift in Sources */,
				AAFE6D382C41A68600FB6BA6 /* DetailPage.swift in Sources */,
				AAFE6D332C3FA10E00FB6BA6 /* MainpageView.swift in Sources */,
				89BC468E2C44CC4800CDBB38 /* CustomTabBarButton.swift in Sources */,
				89BC46892C44C55400CDBB38 /* MyInfoEditingViewModel.swift in Sources */,
				8944826E2C3FAF78003F3EE4 /* PasswordValidation.swift in Sources */,
				8944828A2C40CC53003F3EE4 /* MyPageTabInfo.swift in Sources */,
				89B57D8A2C43F66F00784CC3 /* SeatsPrice.swift in Sources */,
				89EAB4D82C3D9BD0002B8515 /* NavigationBtnType.swift in Sources */,
				8944827E2C3FD942003F3EE4 /* PaymentSelection.swift in Sources */,
				89BC46A32C456E0900CDBB38 /* TossPaymentsView.swift in Sources */,
				89A7718C2C3BE5AF00C7068F /* SignUpView.swift in Sources */,
				894482832C3FDFB5003F3EE4 /* TicketingProcessBtn.swift in Sources */,
				89B57D822C43D56A00784CC3 /* SelectSeatView.swift in Sources */,
				89BC46922C45032B00CDBB38 /* LoginBtn.swift in Sources */,
				894482852C40B4E1003F3EE4 /* CompleteTicket.swift in Sources */,
				89B57D782C439F3500784CC3 /* MainView.swift in Sources */,
				89B57D6F2C439E2A00784CC3 /* MainTabView.swift in Sources */,
				89EAB4E02C3E6488002B8515 /* Color+extensions.swift in Sources */,
				89BC46902C45022500CDBB38 /* LoginViewModel.swift in Sources */,
				89B57D842C43D57900784CC3 /* SelectSeatViewModel.swift in Sources */,
				894482982C40F8D8003F3EE4 /* MyTicket.swift in Sources */,
				894482872C40BD48003F3EE4 /* CompletePrice.swift in Sources */,
				89BC468C2C44C5AC00CDBB38 /* User.swift in Sources */,
				894482742C3FB099003F3EE4 /* PaymentCompleteView.swift in Sources */,
				89BC469A2C4526B300CDBB38 /* MyReviewView.swift in Sources */,
				89B57D862C43F0CA00784CC3 /* SeatsInfo.swift in Sources */,
				89A7718A2C3BDEA400C7068F /* LoginView.swift in Sources */,
				89B57D722C439ED000784CC3 /* MDShopView.swift in Sources */,
				89BC46942C45034B00CDBB38 /* SignUpBtn.swift in Sources */,
				8944827C2C3FD906003F3EE4 /* PaymentPrice.swift in Sources */,
				89A771842C3BC16F00C7068F /* AppDelegate.swift in Sources */,
				89BC469C2C4526C500CDBB38 /* MyReviewViewModel.swift in Sources */,
				894482632C3F5839003F3EE4 /* LoginContent.swift in Sources */,
				89B57D882C43F37700784CC3 /* Seat.swift in Sources */,
				894482962C40D6A0003F3EE4 /* MyTicketDetailView.swift in Sources */,
				89B57D672C40FBD400784CC3 /* MyTicketViewModel.swift in Sources */,
				8944828E2C40CCD0003F3EE4 /* MyPageView.swift in Sources */,
				894482802C3FD979003F3EE4 /* CouponList.swift in Sources */,
				89A7716F2C3B702400C7068F /* T82App.swift in Sources */,
				AAFE6D352C4159B900FB6BA6 /* CustomTabView.swift in Sources */,
				89EAB4DD2C3D9D76002B8515 /* SignUpContent.swift in Sources */,
				AAFE6D3B2C44A89A00FB6BA6 /* ReservationPage.swift in Sources */,
				89B57D7F2C43BFD000784CC3 /* MyLocalView.swift in Sources */,
				89B57D692C41033B00784CC3 /* Date+Extensions.swift in Sources */,
				894482922C40D2FE003F3EE4 /* MyInfoEditingView.swift in Sources */,
				894482772C3FB751003F3EE4 /* Coupons.swift in Sources */,
				89B57D6D2C439D3000784CC3 /* MainTabInfo.swift in Sources */,
				89EAB4DD2C3D9D76002B8515 /* SignUpContent.swift in Sources */,
				89BC46A62C456E8100CDBB38 /* TossPaymentViewModel.swift in Sources */,
				894482902C40D17D003F3EE4 /* MyPageTabView.swift in Sources */,
			);
			runOnlyForDeploymentPostprocessing = 0;
		};
/* End PBXSourcesBuildPhase section */

/* Begin XCBuildConfiguration section */
		89A771772C3B702500C7068F /* Debug */ = {
			isa = XCBuildConfiguration;
			buildSettings = {
				ALWAYS_SEARCH_USER_PATHS = NO;
				ASSETCATALOG_COMPILER_GENERATE_SWIFT_ASSET_SYMBOL_EXTENSIONS = YES;
				CLANG_ANALYZER_NONNULL = YES;
				CLANG_ANALYZER_NUMBER_OBJECT_CONVERSION = YES_AGGRESSIVE;
				CLANG_CXX_LANGUAGE_STANDARD = "gnu++20";
				CLANG_ENABLE_MODULES = YES;
				CLANG_ENABLE_OBJC_ARC = YES;
				CLANG_ENABLE_OBJC_WEAK = YES;
				CLANG_WARN_BLOCK_CAPTURE_AUTORELEASING = YES;
				CLANG_WARN_BOOL_CONVERSION = YES;
				CLANG_WARN_COMMA = YES;
				CLANG_WARN_CONSTANT_CONVERSION = YES;
				CLANG_WARN_DEPRECATED_OBJC_IMPLEMENTATIONS = YES;
				CLANG_WARN_DIRECT_OBJC_ISA_USAGE = YES_ERROR;
				CLANG_WARN_DOCUMENTATION_COMMENTS = YES;
				CLANG_WARN_EMPTY_BODY = YES;
				CLANG_WARN_ENUM_CONVERSION = YES;
				CLANG_WARN_INFINITE_RECURSION = YES;
				CLANG_WARN_INT_CONVERSION = YES;
				CLANG_WARN_NON_LITERAL_NULL_CONVERSION = YES;
				CLANG_WARN_OBJC_IMPLICIT_RETAIN_SELF = YES;
				CLANG_WARN_OBJC_LITERAL_CONVERSION = YES;
				CLANG_WARN_OBJC_ROOT_CLASS = YES_ERROR;
				CLANG_WARN_QUOTED_INCLUDE_IN_FRAMEWORK_HEADER = YES;
				CLANG_WARN_RANGE_LOOP_ANALYSIS = YES;
				CLANG_WARN_STRICT_PROTOTYPES = YES;
				CLANG_WARN_SUSPICIOUS_MOVE = YES;
				CLANG_WARN_UNGUARDED_AVAILABILITY = YES_AGGRESSIVE;
				CLANG_WARN_UNREACHABLE_CODE = YES;
				CLANG_WARN__DUPLICATE_METHOD_MATCH = YES;
				COPY_PHASE_STRIP = NO;
				DEBUG_INFORMATION_FORMAT = dwarf;
				ENABLE_STRICT_OBJC_MSGSEND = YES;
				ENABLE_TESTABILITY = YES;
				ENABLE_USER_SCRIPT_SANDBOXING = YES;
				GCC_C_LANGUAGE_STANDARD = gnu17;
				GCC_DYNAMIC_NO_PIC = NO;
				GCC_NO_COMMON_BLOCKS = YES;
				GCC_OPTIMIZATION_LEVEL = 0;
				GCC_PREPROCESSOR_DEFINITIONS = (
					"DEBUG=1",
					"$(inherited)",
				);
				GCC_WARN_64_TO_32_BIT_CONVERSION = YES;
				GCC_WARN_ABOUT_RETURN_TYPE = YES_ERROR;
				GCC_WARN_UNDECLARED_SELECTOR = YES;
				GCC_WARN_UNINITIALIZED_AUTOS = YES_AGGRESSIVE;
				GCC_WARN_UNUSED_FUNCTION = YES;
				GCC_WARN_UNUSED_VARIABLE = YES;
				IPHONEOS_DEPLOYMENT_TARGET = 17.5;
				LOCALIZATION_PREFERS_STRING_CATALOGS = YES;
				MTL_ENABLE_DEBUG_INFO = INCLUDE_SOURCE;
				MTL_FAST_MATH = YES;
				ONLY_ACTIVE_ARCH = YES;
				SDKROOT = iphoneos;
				SWIFT_ACTIVE_COMPILATION_CONDITIONS = "DEBUG $(inherited)";
				SWIFT_OPTIMIZATION_LEVEL = "-Onone";
			};
			name = Debug;
		};
		89A771782C3B702500C7068F /* Release */ = {
			isa = XCBuildConfiguration;
			buildSettings = {
				ALWAYS_SEARCH_USER_PATHS = NO;
				ASSETCATALOG_COMPILER_GENERATE_SWIFT_ASSET_SYMBOL_EXTENSIONS = YES;
				CLANG_ANALYZER_NONNULL = YES;
				CLANG_ANALYZER_NUMBER_OBJECT_CONVERSION = YES_AGGRESSIVE;
				CLANG_CXX_LANGUAGE_STANDARD = "gnu++20";
				CLANG_ENABLE_MODULES = YES;
				CLANG_ENABLE_OBJC_ARC = YES;
				CLANG_ENABLE_OBJC_WEAK = YES;
				CLANG_WARN_BLOCK_CAPTURE_AUTORELEASING = YES;
				CLANG_WARN_BOOL_CONVERSION = YES;
				CLANG_WARN_COMMA = YES;
				CLANG_WARN_CONSTANT_CONVERSION = YES;
				CLANG_WARN_DEPRECATED_OBJC_IMPLEMENTATIONS = YES;
				CLANG_WARN_DIRECT_OBJC_ISA_USAGE = YES_ERROR;
				CLANG_WARN_DOCUMENTATION_COMMENTS = YES;
				CLANG_WARN_EMPTY_BODY = YES;
				CLANG_WARN_ENUM_CONVERSION = YES;
				CLANG_WARN_INFINITE_RECURSION = YES;
				CLANG_WARN_INT_CONVERSION = YES;
				CLANG_WARN_NON_LITERAL_NULL_CONVERSION = YES;
				CLANG_WARN_OBJC_IMPLICIT_RETAIN_SELF = YES;
				CLANG_WARN_OBJC_LITERAL_CONVERSION = YES;
				CLANG_WARN_OBJC_ROOT_CLASS = YES_ERROR;
				CLANG_WARN_QUOTED_INCLUDE_IN_FRAMEWORK_HEADER = YES;
				CLANG_WARN_RANGE_LOOP_ANALYSIS = YES;
				CLANG_WARN_STRICT_PROTOTYPES = YES;
				CLANG_WARN_SUSPICIOUS_MOVE = YES;
				CLANG_WARN_UNGUARDED_AVAILABILITY = YES_AGGRESSIVE;
				CLANG_WARN_UNREACHABLE_CODE = YES;
				CLANG_WARN__DUPLICATE_METHOD_MATCH = YES;
				COPY_PHASE_STRIP = NO;
				DEBUG_INFORMATION_FORMAT = "dwarf-with-dsym";
				ENABLE_NS_ASSERTIONS = NO;
				ENABLE_STRICT_OBJC_MSGSEND = YES;
				ENABLE_USER_SCRIPT_SANDBOXING = YES;
				GCC_C_LANGUAGE_STANDARD = gnu17;
				GCC_NO_COMMON_BLOCKS = YES;
				GCC_WARN_64_TO_32_BIT_CONVERSION = YES;
				GCC_WARN_ABOUT_RETURN_TYPE = YES_ERROR;
				GCC_WARN_UNDECLARED_SELECTOR = YES;
				GCC_WARN_UNINITIALIZED_AUTOS = YES_AGGRESSIVE;
				GCC_WARN_UNUSED_FUNCTION = YES;
				GCC_WARN_UNUSED_VARIABLE = YES;
				IPHONEOS_DEPLOYMENT_TARGET = 17.5;
				LOCALIZATION_PREFERS_STRING_CATALOGS = YES;
				MTL_ENABLE_DEBUG_INFO = NO;
				MTL_FAST_MATH = YES;
				SDKROOT = iphoneos;
				SWIFT_COMPILATION_MODE = wholemodule;
				VALIDATE_PRODUCT = YES;
			};
			name = Release;
		};
		89A7717A2C3B702500C7068F /* Debug */ = {
			isa = XCBuildConfiguration;
			buildSettings = {
				ASSETCATALOG_COMPILER_APPICON_NAME = AppIcon;
				ASSETCATALOG_COMPILER_GLOBAL_ACCENT_COLOR_NAME = AccentColor;
				CODE_SIGN_STYLE = Automatic;
				CURRENT_PROJECT_VERSION = 1;
				DEVELOPMENT_ASSET_PATHS = "\"T82/Preview Content\"";
				DEVELOPMENT_TEAM = 267847BU5K;
				ENABLE_PREVIEWS = YES;
				GENERATE_INFOPLIST_FILE = YES;
				INFOPLIST_KEY_CFBundleDisplayName = "";
				INFOPLIST_KEY_LSApplicationCategoryType = "";
				INFOPLIST_KEY_UIApplicationSceneManifest_Generation = YES;
				INFOPLIST_KEY_UIApplicationSupportsIndirectInputEvents = YES;
				INFOPLIST_KEY_UILaunchStoryboardName = LaunchScreen;
				INFOPLIST_KEY_UIStatusBarStyle = UIStatusBarStyleLightContent;
				INFOPLIST_KEY_UISupportedInterfaceOrientations_iPad = "UIInterfaceOrientationPortrait UIInterfaceOrientationPortraitUpsideDown UIInterfaceOrientationLandscapeLeft UIInterfaceOrientationLandscapeRight";
				INFOPLIST_KEY_UISupportedInterfaceOrientations_iPhone = "UIInterfaceOrientationPortrait UIInterfaceOrientationLandscapeLeft UIInterfaceOrientationLandscapeRight";
				INFOPLIST_KEY_UIUserInterfaceStyle = Light;
				LD_RUNPATH_SEARCH_PATHS = (
					"$(inherited)",
					"@executable_path/Frameworks",
				);
				MARKETING_VERSION = 1.0;
				PRODUCT_BUNDLE_IDENTIFIER = com.T82app.T82;
				PRODUCT_NAME = "$(TARGET_NAME)";
				SWIFT_EMIT_LOC_STRINGS = YES;
				SWIFT_VERSION = 5.0;
				TARGETED_DEVICE_FAMILY = "1,2";
			};
			name = Debug;
		};
		89A7717B2C3B702500C7068F /* Release */ = {
			isa = XCBuildConfiguration;
			buildSettings = {
				ASSETCATALOG_COMPILER_APPICON_NAME = AppIcon;
				ASSETCATALOG_COMPILER_GLOBAL_ACCENT_COLOR_NAME = AccentColor;
				CODE_SIGN_STYLE = Automatic;
				CURRENT_PROJECT_VERSION = 1;
				DEVELOPMENT_ASSET_PATHS = "\"T82/Preview Content\"";
				DEVELOPMENT_TEAM = 267847BU5K;
				ENABLE_PREVIEWS = YES;
				GENERATE_INFOPLIST_FILE = YES;
				INFOPLIST_KEY_CFBundleDisplayName = "";
				INFOPLIST_KEY_LSApplicationCategoryType = "";
				INFOPLIST_KEY_UIApplicationSceneManifest_Generation = YES;
				INFOPLIST_KEY_UIApplicationSupportsIndirectInputEvents = YES;
				INFOPLIST_KEY_UILaunchStoryboardName = LaunchScreen;
				INFOPLIST_KEY_UIStatusBarStyle = UIStatusBarStyleLightContent;
				INFOPLIST_KEY_UISupportedInterfaceOrientations_iPad = "UIInterfaceOrientationPortrait UIInterfaceOrientationPortraitUpsideDown UIInterfaceOrientationLandscapeLeft UIInterfaceOrientationLandscapeRight";
				INFOPLIST_KEY_UISupportedInterfaceOrientations_iPhone = "UIInterfaceOrientationPortrait UIInterfaceOrientationLandscapeLeft UIInterfaceOrientationLandscapeRight";
				INFOPLIST_KEY_UIUserInterfaceStyle = Light;
				LD_RUNPATH_SEARCH_PATHS = (
					"$(inherited)",
					"@executable_path/Frameworks",
				);
				MARKETING_VERSION = 1.0;
				PRODUCT_BUNDLE_IDENTIFIER = com.T82app.T82;
				PRODUCT_NAME = "$(TARGET_NAME)";
				SWIFT_EMIT_LOC_STRINGS = YES;
				SWIFT_VERSION = 5.0;
				TARGETED_DEVICE_FAMILY = "1,2";
			};
			name = Release;
		};
/* End XCBuildConfiguration section */

/* Begin XCConfigurationList section */
		89A771662C3B702400C7068F /* Build configuration list for PBXProject "T82" */ = {
			isa = XCConfigurationList;
			buildConfigurations = (
				89A771772C3B702500C7068F /* Debug */,
				89A771782C3B702500C7068F /* Release */,
			);
			defaultConfigurationIsVisible = 0;
			defaultConfigurationName = Release;
		};
		89A771792C3B702500C7068F /* Build configuration list for PBXNativeTarget "T82" */ = {
			isa = XCConfigurationList;
			buildConfigurations = (
				89A7717A2C3B702500C7068F /* Debug */,
				89A7717B2C3B702500C7068F /* Release */,
			);
			defaultConfigurationIsVisible = 0;
			defaultConfigurationName = Release;
		};
/* End XCConfigurationList section */

/* Begin XCRemoteSwiftPackageReference section */
		89BC469F2C456DEF00CDBB38 /* XCRemoteSwiftPackageReference "payment-sdk-ios" */ = {
			isa = XCRemoteSwiftPackageReference;
			repositoryURL = "https://github.com/tosspayments/payment-sdk-ios.git";
			requirement = {
				kind = upToNextMajorVersion;
				minimumVersion = 0.1.32;
			};
		};
/* End XCRemoteSwiftPackageReference section */

/* Begin XCSwiftPackageProductDependency section */
		89BC46A02C456DEF00CDBB38 /* TossPayments */ = {
			isa = XCSwiftPackageProductDependency;
			package = 89BC469F2C456DEF00CDBB38 /* XCRemoteSwiftPackageReference "payment-sdk-ios" */;
			productName = TossPayments;
		};
/* End XCSwiftPackageProductDependency section */
	};
	rootObject = 89A771632C3B702400C7068F /* Project object */;
}
